{
  "name": "fake-human-generator",
  "version": "1.0.0",
  "lockfileVersion": 2,
  "requires": true,
  "packages": {
    "": {
      "name": "fake-human-generator",
      "version": "1.0.0",
      "license": "ISC",
      "dependencies": {
        "fake-human-generator": "^1.0.0",
        "faker": "^5.5.3"
      },
      "devDependencies": {
        "@types/faker": "^6.6.9"
      }
    },
    "node_modules/@types/faker": {
      "version": "6.6.9",
      "resolved": "https://registry.npmjs.org/@types/faker/-/faker-6.6.9.tgz",
      "integrity": "sha512-Y9YYm5L//8ooiiknO++4Gr539zzdI0j3aXnOBjo1Vk+kTvffY10GuE2wn78AFPECwZ5MYGTjiDVw1naLLdDimw==",
      "deprecated": "This is a stub types definition. faker provides its own type definitions, so you do not need this installed.",
      "dev": true,
      "dependencies": {
        "faker": "*"
      }
    },
    "node_modules/fake-human-generator": {
      "version": "1.0.0",
      "resolved": "https://registry.npmjs.org/fake-human-generator/-/fake-human-generator-1.0.0.tgz",
      "integrity": "sha512-vYdnQDoPDU3VemZ6RHtyS3e1yQZfQ4v2cqp40g5I8UGMk2R75uXms2D8CE35DHVner0lCjoqpXsD+TBQ+JOJHA==",
      "dependencies": {
        "faker": "^5.5.3"
      }
    },
    "node_modules/faker": {
      "version": "5.5.3",
      "resolved": "https://registry.npmjs.org/faker/-/faker-5.5.3.tgz",
      "integrity": "sha512-wLTv2a28wjUyWkbnX7u/ABZBkUkIF2fCd73V6P2oFqEGEktDfzWx4UxrSqtPRw0xPRAcjeAOIiJWqZm3pP4u3g=="
    }
  },
  "dependencies": {
    "@types/faker": {
      "version": "6.6.9",
      "resolved": "https://registry.npmjs.org/@types/faker/-/faker-6.6.9.tgz",
      "integrity": "sha512-Y9YYm5L//8ooiiknO++4Gr539zzdI0j3aXnOBjo1Vk+kTvffY10GuE2wn78AFPECwZ5MYGTjiDVw1naLLdDimw==",
      "dev": true,
      "requires": {
        "faker": "*"
      }
    },
    "fake-human-generator": {
      "version": "1.0.0",
      "resolved": "https://registry.npmjs.org/fake-human-generator/-/fake-human-generator-1.0.0.tgz",
      "integrity": "sha512-vYdnQDoPDU3VemZ6RHtyS3e1yQZfQ4v2cqp40g5I8UGMk2R75uXms2D8CE35DHVner0lCjoqpXsD+TBQ+JOJHA==",
      "requires": {
        "faker": "^5.5.3"
      }
    },
    "faker": {
      "version": "5.5.3",
      "resolved": "https://registry.npmjs.org/faker/-/faker-5.5.3.tgz",
      "integrity": "sha512-wLTv2a28wjUyWkbnX7u/ABZBkUkIF2fCd73V6P2oFqEGEktDfzWx4UxrSqtPRw0xPRAcjeAOIiJWqZm3pP4u3g=="
    }
  }
}
